
Microsoft Visual Studio Solution File, Format Version 12.00
# Visual Studio Version 17
VisualStudioVersion = 17.8.34330.188
MinimumVisualStudioVersion = 10.0.40219.1
Project("{FAE04EC0-301F-11D3-BF4B-00C04F79EFBC}") = "LibraryApp", "LibraryApp.csproj", "{DB9FFDDD-9B51-45C5-82EA-8A99F064B5F4}"
EndProject
Global
	GlobalSection(SolutionConfigurationPlatforms) = preSolution
		Debug|Any CPU = Debug|Any CPU
		Release|Any CPU = Release|Any CPU
	EndGlobalSection
	GlobalSection(ProjectConfigurationPlatforms) = postSolution
		{DB9FFDDD-9B51-45C5-82EA-8A99F064B5F4}.Debug|Any CPU.ActiveCfg = Debug|Any CPU
		{DB9FFDDD-9B51-45C5-82EA-8A99F064B5F4}.Debug|Any CPU.Build.0 = Debug|Any CPU
		{DB9FFDDD-9B51-45C5-82EA-8A99F064B5F4}.Release|Any CPU.ActiveCfg = Release|Any CPU
		{DB9FFDDD-9B51-45C5-82EA-8A99F064B5F4}.Release|Any CPU.Build.0 = Release|Any CPU
	EndGlobalSection
	GlobalSection(SolutionProperties) = preSolution
		HideSolutionNode = FALSE
	EndGlobalSection
	GlobalSection(ExtensibilityGlobals) = postSolution
		SolutionGuid = {69F98BE5-4250-47A3-9228-137863B61688}
	EndGlobalSection
EndGlobal
